
Microsoft Visual Studio Solution File, Format Version 12.00
# Visual Studio 15
Project("{FAE04EC0-301F-11D3-BF4B-00C04F79EFBC}") = "Assembly-CSharp", "Assembly-CSharp.csproj", "{E47D3A67-34D9-71C8-B887-8CC6ACEEFE7F}"
EndProject
Project("{FAE04EC0-301F-11D3-BF4B-00C04F79EFBC}") = "Assembly-CSharp-Editor", "Assembly-CSharp-Editor.csproj", "{753E15D3-485A-011B-95C3-5C685BA209A7}"
EndProject
Global
	GlobalSection(SolutionConfigurationPlatforms) = preSolution
		Debug|Any CPU = Debug|Any CPU
		Release|Any CPU = Release|Any CPU
	EndGlobalSection
	GlobalSection(ProjectConfigurationPlatforms) = postSolution
		{E47D3A67-34D9-71C8-B887-8CC6ACEEFE7F}.Debug|Any CPU.ActiveCfg = Debug|Any CPU
		{E47D3A67-34D9-71C8-B887-8CC6ACEEFE7F}.Debug|Any CPU.Build.0 = Debug|Any CPU
		{E47D3A67-34D9-71C8-B887-8CC6ACEEFE7F}.Release|Any CPU.ActiveCfg = Release|Any CPU
		{E47D3A67-34D9-71C8-B887-8CC6ACEEFE7F}.Release|Any CPU.Build.0 = Release|Any CPU
		{753E15D3-485A-011B-95C3-5C685BA209A7}.Debug|Any CPU.ActiveCfg = Debug|Any CPU
		{753E15D3-485A-011B-95C3-5C685BA209A7}.Debug|Any CPU.Build.0 = Debug|Any CPU
		{753E15D3-485A-011B-95C3-5C685BA209A7}.Release|Any CPU.ActiveCfg = Release|Any CPU
		{753E15D3-485A-011B-95C3-5C685BA209A7}.Release|Any CPU.Build.0 = Release|Any CPU
	EndGlobalSection
	GlobalSection(SolutionProperties) = preSolution
		HideSolutionNode = FALSE
	EndGlobalSection
EndGlobal
